// !$*UTF8*$!
{
	archiveVersion = 1;
	classes = {
	};
	objectVersion = 56;
	objects = {

/* Begin PBXBuildFile section */
		8528BC33291227E700949530 /* Home.swift in Sources */ = {isa = PBXBuildFile; fileRef = 8528BC32291227E700949530 /* Home.swift */; };
		8528BC35291239D000949530 /* TodoListView.swift in Sources */ = {isa = PBXBuildFile; fileRef = 8528BC34291239D000949530 /* TodoListView.swift */; };
		855167BE290BAAD30020EBFA /* ToDoListApp.swift in Sources */ = {isa = PBXBuildFile; fileRef = 855167BD290BAAD30020EBFA /* ToDoListApp.swift */; };
		855167C2290BAAD40020EBFA /* Assets.xcassets in Resources */ = {isa = PBXBuildFile; fileRef = 855167C1290BAAD40020EBFA /* Assets.xcassets */; };
		855167C5290BAAD40020EBFA /* Preview Assets.xcassets in Resources */ = {isa = PBXBuildFile; fileRef = 855167C4290BAAD40020EBFA /* Preview Assets.xcassets */; };
		855167CF290BAAD50020EBFA /* ToDoListTests.swift in Sources */ = {isa = PBXBuildFile; fileRef = 855167CE290BAAD50020EBFA /* ToDoListTests.swift */; };
		855167D9290BAAD50020EBFA /* ToDoListUITests.swift in Sources */ = {isa = PBXBuildFile; fileRef = 855167D8290BAAD50020EBFA /* ToDoListUITests.swift */; };
		855167DB290BAAD50020EBFA /* ToDoListUITestsLaunchTests.swift in Sources */ = {isa = PBXBuildFile; fileRef = 855167DA290BAAD50020EBFA /* ToDoListUITestsLaunchTests.swift */; };
		855167EE290BADCB0020EBFA /* Date.swift in Sources */ = {isa = PBXBuildFile; fileRef = 855167E8290BADCB0020EBFA /* Date.swift */; };
		855167EF290BADCB0020EBFA /* Date+Timepiece.swift in Sources */ = {isa = PBXBuildFile; fileRef = 855167E9290BADCB0020EBFA /* Date+Timepiece.swift */; };
		855167F0290BADCB0020EBFA /* Int+Timepiece.swift in Sources */ = {isa = PBXBuildFile; fileRef = 855167EA290BADCB0020EBFA /* Int+Timepiece.swift */; };
		855167F2290BADCB0020EBFA /* String+Timepiece.swift in Sources */ = {isa = PBXBuildFile; fileRef = 855167EC290BADCB0020EBFA /* String+Timepiece.swift */; };
		855167F3290BADCB0020EBFA /* DateComponents+Timepiece.swift in Sources */ = {isa = PBXBuildFile; fileRef = 855167ED290BADCB0020EBFA /* DateComponents+Timepiece.swift */; };
		855167F5290BAE690020EBFA /* TodoItemView.swift in Sources */ = {isa = PBXBuildFile; fileRef = 855167F4290BAE690020EBFA /* TodoItemView.swift */; };
		85ECC0B7291268EA0013871F /* TodoDetails.swift in Sources */ = {isa = PBXBuildFile; fileRef = 85ECC0B6291268EA0013871F /* TodoDetails.swift */; };
/* End PBXBuildFile section */

/* Begin PBXContainerItemProxy section */
		855167CB290BAAD50020EBFA /* PBXContainerItemProxy */ = {
			isa = PBXContainerItemProxy;
			containerPortal = 855167B2290BAAD30020EBFA /* Project object */;
			proxyType = 1;
			remoteGlobalIDString = 855167B9290BAAD30020EBFA;
			remoteInfo = ToDoList;
		};
		855167D5290BAAD50020EBFA /* PBXContainerItemProxy */ = {
			isa = PBXContainerItemProxy;
			containerPortal = 855167B2290BAAD30020EBFA /* Project object */;
			proxyType = 1;
			remoteGlobalIDString = 855167B9290BAAD30020EBFA;
			remoteInfo = ToDoList;
		};
/* End PBXContainerItemProxy section */

/* Begin PBXFileReference section */
		8528BC32291227E700949530 /* Home.swift */ = {isa = PBXFileReference; lastKnownFileType = sourcecode.swift; path = Home.swift; sourceTree = "<group>"; };
		8528BC34291239D000949530 /* TodoListView.swift */ = {isa = PBXFileReference; lastKnownFileType = sourcecode.swift; path = TodoListView.swift; sourceTree = "<group>"; };
		855167BA290BAAD30020EBFA /* ToDoList.app */ = {isa = PBXFileReference; explicitFileType = wrapper.application; includeInIndex = 0; path = ToDoList.app; sourceTree = BUILT_PRODUCTS_DIR; };
		855167BD290BAAD30020EBFA /* ToDoListApp.swift */ = {isa = PBXFileReference; lastKnownFileType = sourcecode.swift; path = ToDoListApp.swift; sourceTree = "<group>"; };
		855167C1290BAAD40020EBFA /* Assets.xcassets */ = {isa = PBXFileReference; lastKnownFileType = folder.assetcatalog; path = Assets.xcassets; sourceTree = "<group>"; };
		855167C4290BAAD40020EBFA /* Preview Assets.xcassets */ = {isa = PBXFileReference; lastKnownFileType = folder.assetcatalog; path = "Preview Assets.xcassets"; sourceTree = "<group>"; };
		855167CA290BAAD50020EBFA /* ToDoListTests.xctest */ = {isa = PBXFileReference; explicitFileType = wrapper.cfbundle; includeInIndex = 0; path = ToDoListTests.xctest; sourceTree = BUILT_PRODUCTS_DIR; };
		855167CE290BAAD50020EBFA /* ToDoListTests.swift */ = {isa = PBXFileReference; lastKnownFileType = sourcecode.swift; path = ToDoListTests.swift; sourceTree = "<group>"; };
		855167D4290BAAD50020EBFA /* ToDoListUITests.xctest */ = {isa = PBXFileReference; explicitFileType = wrapper.cfbundle; includeInIndex = 0; path = ToDoListUITests.xctest; sourceTree = BUILT_PRODUCTS_DIR; };
		855167D8290BAAD50020EBFA /* ToDoListUITests.swift */ = {isa = PBXFileReference; lastKnownFileType = sourcecode.swift; path = ToDoListUITests.swift; sourceTree = "<group>"; };
		855167DA290BAAD50020EBFA /* ToDoListUITestsLaunchTests.swift */ = {isa = PBXFileReference; lastKnownFileType = sourcecode.swift; path = ToDoListUITestsLaunchTests.swift; sourceTree = "<group>"; };
		855167E8290BADCB0020EBFA /* Date.swift */ = {isa = PBXFileReference; fileEncoding = 4; lastKnownFileType = sourcecode.swift; path = Date.swift; sourceTree = "<group>"; };
		855167E9290BADCB0020EBFA /* Date+Timepiece.swift */ = {isa = PBXFileReference; fileEncoding = 4; lastKnownFileType = sourcecode.swift; path = "Date+Timepiece.swift"; sourceTree = "<group>"; };
		855167EA290BADCB0020EBFA /* Int+Timepiece.swift */ = {isa = PBXFileReference; fileEncoding = 4; lastKnownFileType = sourcecode.swift; path = "Int+Timepiece.swift"; sourceTree = "<group>"; };
		855167EC290BADCB0020EBFA /* String+Timepiece.swift */ = {isa = PBXFileReference; fileEncoding = 4; lastKnownFileType = sourcecode.swift; path = "String+Timepiece.swift"; sourceTree = "<group>"; };
		855167ED290BADCB0020EBFA /* DateComponents+Timepiece.swift */ = {isa = PBXFileReference; fileEncoding = 4; lastKnownFileType = sourcecode.swift; path = "DateComponents+Timepiece.swift"; sourceTree = "<group>"; };
		855167F4290BAE690020EBFA /* TodoItemView.swift */ = {isa = PBXFileReference; lastKnownFileType = sourcecode.swift; path = TodoItemView.swift; sourceTree = "<group>"; };
		85ECC0B6291268EA0013871F /* TodoDetails.swift */ = {isa = PBXFileReference; lastKnownFileType = sourcecode.swift; path = TodoDetails.swift; sourceTree = "<group>"; };
/* End PBXFileReference section */

/* Begin PBXFrameworksBuildPhase section */
		855167B7290BAAD30020EBFA /* Frameworks */ = {
			isa = PBXFrameworksBuildPhase;
			buildActionMask = 2147483647;
			files = (
			);
			runOnlyForDeploymentPostprocessing = 0;
		};
		855167C7290BAAD50020EBFA /* Frameworks */ = {
			isa = PBXFrameworksBuildPhase;
			buildActionMask = 2147483647;
			files = (
			);
			runOnlyForDeploymentPostprocessing = 0;
		};
		855167D1290BAAD50020EBFA /* Frameworks */ = {
			isa = PBXFrameworksBuildPhase;
			buildActionMask = 2147483647;
			files = (
			);
			runOnlyForDeploymentPostprocessing = 0;
		};
/* End PBXFrameworksBuildPhase section */

/* Begin PBXGroup section */
		855167B1290BAAD30020EBFA = {
			isa = PBXGroup;
			children = (
				855167BC290BAAD30020EBFA /* ToDoList */,
				855167CD290BAAD50020EBFA /* ToDoListTests */,
				855167D7290BAAD50020EBFA /* ToDoListUITests */,
				855167BB290BAAD30020EBFA /* Products */,
			);
			sourceTree = "<group>";
		};
		855167BB290BAAD30020EBFA /* Products */ = {
			isa = PBXGroup;
			children = (
				855167BA290BAAD30020EBFA /* ToDoList.app */,
				855167CA290BAAD50020EBFA /* ToDoListTests.xctest */,
				855167D4290BAAD50020EBFA /* ToDoListUITests.xctest */,
			);
			name = Products;
			sourceTree = "<group>";
		};
		855167BC290BAAD30020EBFA /* ToDoList */ = {
			isa = PBXGroup;
			children = (
				855167BD290BAAD30020EBFA /* ToDoListApp.swift */,
				8528BC32291227E700949530 /* Home.swift */,
				855167F4290BAE690020EBFA /* TodoItemView.swift */,
				8528BC34291239D000949530 /* TodoListView.swift */,
				85ECC0B6291268EA0013871F /* TodoDetails.swift */,
				855167C1290BAAD40020EBFA /* Assets.xcassets */,
				855167E7290BADCB0020EBFA /* Third-Parties */,
				855167C3290BAAD40020EBFA /* Preview Content */,
			);
			path = ToDoList;
			sourceTree = "<group>";
		};
		855167C3290BAAD40020EBFA /* Preview Content */ = {
			isa = PBXGroup;
			children = (
				855167C4290BAAD40020EBFA /* Preview Assets.xcassets */,
			);
			path = "Preview Content";
			sourceTree = "<group>";
		};
		855167CD290BAAD50020EBFA /* ToDoListTests */ = {
			isa = PBXGroup;
			children = (
				855167CE290BAAD50020EBFA /* ToDoListTests.swift */,
			);
			path = ToDoListTests;
			sourceTree = "<group>";
		};
		855167D7290BAAD50020EBFA /* ToDoListUITests */ = {
			isa = PBXGroup;
			children = (
				855167D8290BAAD50020EBFA /* ToDoListUITests.swift */,
				855167DA290BAAD50020EBFA /* ToDoListUITestsLaunchTests.swift */,
			);
			path = ToDoListUITests;
			sourceTree = "<group>";
		};
		855167E7290BADCB0020EBFA /* Third-Parties */ = {
			isa = PBXGroup;
			children = (
				855167E8290BADCB0020EBFA /* Date.swift */,
				855167E9290BADCB0020EBFA /* Date+Timepiece.swift */,
				855167EA290BADCB0020EBFA /* Int+Timepiece.swift */,
				855167EC290BADCB0020EBFA /* String+Timepiece.swift */,
				855167ED290BADCB0020EBFA /* DateComponents+Timepiece.swift */,
			);
			path = "Third-Parties";
			sourceTree = "<group>";
		};
/* End PBXGroup section */

/* Begin PBXNativeTarget section */
		855167B9290BAAD30020EBFA /* ToDoList */ = {
			isa = PBXNativeTarget;
			buildConfigurationList = 855167DE290BAAD50020EBFA /* Build configuration list for PBXNativeTarget "ToDoList" */;
			buildPhases = (
				855167B6290BAAD30020EBFA /* Sources */,
				855167B7290BAAD30020EBFA /* Frameworks */,
				855167B8290BAAD30020EBFA /* Resources */,
			);
			buildRules = (
			);
			dependencies = (
			);
			name = ToDoList;
			productName = ToDoList;
			productReference = 855167BA290BAAD30020EBFA /* ToDoList.app */;
			productType = "com.apple.product-type.application";
		};
		855167C9290BAAD50020EBFA /* ToDoListTests */ = {
			isa = PBXNativeTarget;
			buildConfigurationList = 855167E1290BAAD50020EBFA /* Build configuration list for PBXNativeTarget "ToDoListTests" */;
			buildPhases = (
				855167C6290BAAD50020EBFA /* Sources */,
				855167C7290BAAD50020EBFA /* Frameworks */,
				855167C8290BAAD50020EBFA /* Resources */,
			);
			buildRules = (
			);
			dependencies = (
				855167CC290BAAD50020EBFA /* PBXTargetDependency */,
			);
			name = ToDoListTests;
			productName = ToDoListTests;
			productReference = 855167CA290BAAD50020EBFA /* ToDoListTests.xctest */;
			productType = "com.apple.product-type.bundle.unit-test";
		};
		855167D3290BAAD50020EBFA /* ToDoListUITests */ = {
			isa = PBXNativeTarget;
			buildConfigurationList = 855167E4290BAAD50020EBFA /* Build configuration list for PBXNativeTarget "ToDoListUITests" */;
			buildPhases = (
				855167D0290BAAD50020EBFA /* Sources */,
				855167D1290BAAD50020EBFA /* Frameworks */,
				855167D2290BAAD50020EBFA /* Resources */,
			);
			buildRules = (
			);
			dependencies = (
				855167D6290BAAD50020EBFA /* PBXTargetDependency */,
			);
			name = ToDoListUITests;
			productName = ToDoListUITests;
			productReference = 855167D4290BAAD50020EBFA /* ToDoListUITests.xctest */;
			productType = "com.apple.product-type.bundle.ui-testing";
		};
/* End PBXNativeTarget section */

/* Begin PBXProject section */
		855167B2290BAAD30020EBFA /* Project object */ = {
			isa = PBXProject;
			attributes = {
				BuildIndependentTargetsInParallel = 1;
				LastSwiftUpdateCheck = 1400;
				LastUpgradeCheck = 1400;
				TargetAttributes = {
					855167B9290BAAD30020EBFA = {
						CreatedOnToolsVersion = 14.0.1;
					};
					855167C9290BAAD50020EBFA = {
						CreatedOnToolsVersion = 14.0.1;
						TestTargetID = 855167B9290BAAD30020EBFA;
					};
					855167D3290BAAD50020EBFA = {
						CreatedOnToolsVersion = 14.0.1;
						TestTargetID = 855167B9290BAAD30020EBFA;
					};
				};
			};
			buildConfigurationList = 855167B5290BAAD30020EBFA /* Build configuration list for PBXProject "ToDoList" */;
			compatibilityVersion = "Xcode 14.0";
			developmentRegion = en;
			hasScannedForEncodings = 0;
			knownRegions = (
				en,
				Base,
			);
			mainGroup = 855167B1290BAAD30020EBFA;
			productRefGroup = 855167BB290BAAD30020EBFA /* Products */;
			projectDirPath = "";
			projectRoot = "";
			targets = (
				855167B9290BAAD30020EBFA /* ToDoList */,
				855167C9290BAAD50020EBFA /* ToDoListTests */,
				855167D3290BAAD50020EBFA /* ToDoListUITests */,
			);
		};
/* End PBXProject section */

/* Begin PBXResourcesBuildPhase section */
		855167B8290BAAD30020EBFA /* Resources */ = {
			isa = PBXResourcesBuildPhase;
			buildActionMask = 2147483647;
			files = (
				855167C5290BAAD40020EBFA /* Preview Assets.xcassets in Resources */,
				855167C2290BAAD40020EBFA /* Assets.xcassets in Resources */,
			);
			runOnlyForDeploymentPostprocessing = 0;
		};
		855167C8290BAAD50020EBFA /* Resources */ = {
			isa = PBXResourcesBuildPhase;
			buildActionMask = 2147483647;
			files = (
			);
			runOnlyForDeploymentPostprocessing = 0;
		};
		855167D2290BAAD50020EBFA /* Resources */ = {
			isa = PBXResourcesBuildPhase;
			buildActionMask = 2147483647;
			files = (
			);
			runOnlyForDeploymentPostprocessing = 0;
		};
/* End PBXResourcesBuildPhase section */

/* Begin PBXSourcesBuildPhase section */
		855167B6290BAAD30020EBFA /* Sources */ = {
			isa = PBXSourcesBuildPhase;
			buildActionMask = 2147483647;
			files = (
				855167F2290BADCB0020EBFA /* String+Timepiece.swift in Sources */,
				85ECC0B7291268EA0013871F /* TodoDetails.swift in Sources */,
				8528BC33291227E700949530 /* Home.swift in Sources */,
				855167F5290BAE690020EBFA /* TodoItemView.swift in Sources */,
				8528BC35291239D000949530 /* TodoListView.swift in Sources */,
				855167EF290BADCB0020EBFA /* Date+Timepiece.swift in Sources */,
				855167EE290BADCB0020EBFA /* Date.swift in Sources */,
				855167F0290BADCB0020EBFA /* Int+Timepiece.swift in Sources */,
				855167F3290BADCB0020EBFA /* DateComponents+Timepiece.swift in Sources */,
				855167BE290BAAD30020EBFA /* ToDoListApp.swift in Sources */,
			);
			runOnlyForDeploymentPostprocessing = 0;
		};
		855167C6290BAAD50020EBFA /* Sources */ = {
			isa = PBXSourcesBuildPhase;
			buildActionMask = 2147483647;
			files = (
				855167CF290BAAD50020EBFA /* ToDoListTests.swift in Sources */,
			);
			runOnlyForDeploymentPostprocessing = 0;
		};
		855167D0290BAAD50020EBFA /* Sources */ = {
			isa = PBXSourcesBuildPhase;
			buildActionMask = 2147483647;
			files = (
				855167DB290BAAD50020EBFA /* ToDoListUITestsLaunchTests.swift in Sources */,
				855167D9290BAAD50020EBFA /* ToDoListUITests.swift in Sources */,
			);
			runOnlyForDeploymentPostprocessing = 0;
		};
/* End PBXSourcesBuildPhase section */

/* Begin PBXTargetDependency section */
		855167CC290BAAD50020EBFA /* PBXTargetDependency */ = {
			isa = PBXTargetDependency;
			target = 855167B9290BAAD30020EBFA /* ToDoList */;
			targetProxy = 855167CB290BAAD50020EBFA /* PBXContainerItemProxy */;
		};
		855167D6290BAAD50020EBFA /* PBXTargetDependency */ = {
			isa = PBXTargetDependency;
			target = 855167B9290BAAD30020EBFA /* ToDoList */;
			targetProxy = 855167D5290BAAD50020EBFA /* PBXContainerItemProxy */;
		};
/* End PBXTargetDependency section */

/* Begin XCBuildConfiguration section */
		855167DC290BAAD50020EBFA /* Debug */ = {
			isa = XCBuildConfiguration;
			buildSettings = {
				ALWAYS_SEARCH_USER_PATHS = NO;
				CLANG_ANALYZER_NONNULL = YES;
				CLANG_ANALYZER_NUMBER_OBJECT_CONVERSION = YES_AGGRESSIVE;
				CLANG_CXX_LANGUAGE_STANDARD = "gnu++20";
				CLANG_ENABLE_MODULES = YES;
				CLANG_ENABLE_OBJC_ARC = YES;
				CLANG_ENABLE_OBJC_WEAK = YES;
				CLANG_WARN_BLOCK_CAPTURE_AUTORELEASING = YES;
				CLANG_WARN_BOOL_CONVERSION = YES;
				CLANG_WARN_COMMA = YES;
				CLANG_WARN_CONSTANT_CONVERSION = YES;
				CLANG_WARN_DEPRECATED_OBJC_IMPLEMENTATIONS = YES;
				CLANG_WARN_DIRECT_OBJC_ISA_USAGE = YES_ERROR;
				CLANG_WARN_DOCUMENTATION_COMMENTS = YES;
				CLANG_WARN_EMPTY_BODY = YES;
				CLANG_WARN_ENUM_CONVERSION = YES;
				CLANG_WARN_INFINITE_RECURSION = YES;
				CLANG_WARN_INT_CONVERSION = YES;
				CLANG_WARN_NON_LITERAL_NULL_CONVERSION = YES;
				CLANG_WARN_OBJC_IMPLICIT_RETAIN_SELF = YES;
				CLANG_WARN_OBJC_LITERAL_CONVERSION = YES;
				CLANG_WARN_OBJC_ROOT_CLASS = YES_ERROR;
				CLANG_WARN_QUOTED_INCLUDE_IN_FRAMEWORK_HEADER = YES;
				CLANG_WARN_RANGE_LOOP_ANALYSIS = YES;
				CLANG_WARN_STRICT_PROTOTYPES = YES;
				CLANG_WARN_SUSPICIOUS_MOVE = YES;
				CLANG_WARN_UNGUARDED_AVAILABILITY = YES_AGGRESSIVE;
				CLANG_WARN_UNREACHABLE_CODE = YES;
				CLANG_WARN__DUPLICATE_METHOD_MATCH = YES;
				COPY_PHASE_STRIP = NO;
				DEBUG_INFORMATION_FORMAT = dwarf;
				ENABLE_STRICT_OBJC_MSGSEND = YES;
				ENABLE_TESTABILITY = YES;
				GCC_C_LANGUAGE_STANDARD = gnu11;
				GCC_DYNAMIC_NO_PIC = NO;
				GCC_NO_COMMON_BLOCKS = YES;
				GCC_OPTIMIZATION_LEVEL = 0;
				GCC_PREPROCESSOR_DEFINITIONS = (
					"DEBUG=1",
					"$(inherited)",
				);
				GCC_WARN_64_TO_32_BIT_CONVERSION = YES;
				GCC_WARN_ABOUT_RETURN_TYPE = YES_ERROR;
				GCC_WARN_UNDECLARED_SELECTOR = YES;
				GCC_WARN_UNINITIALIZED_AUTOS = YES_AGGRESSIVE;
				GCC_WARN_UNUSED_FUNCTION = YES;
				GCC_WARN_UNUSED_VARIABLE = YES;
				IPHONEOS_DEPLOYMENT_TARGET = 16.0;
				MTL_ENABLE_DEBUG_INFO = INCLUDE_SOURCE;
				MTL_FAST_MATH = YES;
				ONLY_ACTIVE_ARCH = YES;
				SDKROOT = iphoneos;
				SWIFT_ACTIVE_COMPILATION_CONDITIONS = DEBUG;
				SWIFT_OPTIMIZATION_LEVEL = "-Onone";
			};
			name = Debug;
		};
		855167DD290BAAD50020EBFA /* Release */ = {
			isa = XCBuildConfiguration;
			buildSettings = {
				ALWAYS_SEARCH_USER_PATHS = NO;
				CLANG_ANALYZER_NONNULL = YES;
				CLANG_ANALYZER_NUMBER_OBJECT_CONVERSION = YES_AGGRESSIVE;
				CLANG_CXX_LANGUAGE_STANDARD = "gnu++20";
				CLANG_ENABLE_MODULES = YES;
				CLANG_ENABLE_OBJC_ARC = YES;
				CLANG_ENABLE_OBJC_WEAK = YES;
				CLANG_WARN_BLOCK_CAPTURE_AUTORELEASING = YES;
				CLANG_WARN_BOOL_CONVERSION = YES;
				CLANG_WARN_COMMA = YES;
				CLANG_WARN_CONSTANT_CONVERSION = YES;
				CLANG_WARN_DEPRECATED_OBJC_IMPLEMENTATIONS = YES;
				CLANG_WARN_DIRECT_OBJC_ISA_USAGE = YES_ERROR;
				CLANG_WARN_DOCUMENTATION_COMMENTS = YES;
				CLANG_WARN_EMPTY_BODY = YES;
				CLANG_WARN_ENUM_CONVERSION = YES;
				CLANG_WARN_INFINITE_RECURSION = YES;
				CLANG_WARN_INT_CONVERSION = YES;
				CLANG_WARN_NON_LITERAL_NULL_CONVERSION = YES;
				CLANG_WARN_OBJC_IMPLICIT_RETAIN_SELF = YES;
				CLANG_WARN_OBJC_LITERAL_CONVERSION = YES;
				CLANG_WARN_OBJC_ROOT_CLASS = YES_ERROR;
				CLANG_WARN_QUOTED_INCLUDE_IN_FRAMEWORK_HEADER = YES;
				CLANG_WARN_RANGE_LOOP_ANALYSIS = YES;
				CLANG_WARN_STRICT_PROTOTYPES = YES;
				CLANG_WARN_SUSPICIOUS_MOVE = YES;
				CLANG_WARN_UNGUARDED_AVAILABILITY = YES_AGGRESSIVE;
				CLANG_WARN_UNREACHABLE_CODE = YES;
				CLANG_WARN__DUPLICATE_METHOD_MATCH = YES;
				COPY_PHASE_STRIP = NO;
				DEBUG_INFORMATION_FORMAT = "dwarf-with-dsym";
				ENABLE_NS_ASSERTIONS = NO;
				ENABLE_STRICT_OBJC_MSGSEND = YES;
				GCC_C_LANGUAGE_STANDARD = gnu11;
				GCC_NO_COMMON_BLOCKS = YES;
				GCC_WARN_64_TO_32_BIT_CONVERSION = YES;
				GCC_WARN_ABOUT_RETURN_TYPE = YES_ERROR;
				GCC_WARN_UNDECLARED_SELECTOR = YES;
				GCC_WARN_UNINITIALIZED_AUTOS = YES_AGGRESSIVE;
				GCC_WARN_UNUSED_FUNCTION = YES;
				GCC_WARN_UNUSED_VARIABLE = YES;
				IPHONEOS_DEPLOYMENT_TARGET = 16.0;
				MTL_ENABLE_DEBUG_INFO = NO;
				MTL_FAST_MATH = YES;
				SDKROOT = iphoneos;
				SWIFT_COMPILATION_MODE = wholemodule;
				SWIFT_OPTIMIZATION_LEVEL = "-O";
				VALIDATE_PRODUCT = YES;
			};
			name = Release;
		};
		855167DF290BAAD50020EBFA /* Debug */ = {
			isa = XCBuildConfiguration;
			buildSettings = {
				ASSETCATALOG_COMPILER_APPICON_NAME = AppIcon;
				ASSETCATALOG_COMPILER_GLOBAL_ACCENT_COLOR_NAME = AccentColor;
				CODE_SIGN_STYLE = Automatic;
				CURRENT_PROJECT_VERSION = 1;
				DEVELOPMENT_ASSET_PATHS = "\"ToDoList/Preview Content\"";
				DEVELOPMENT_TEAM = 64KT797F3Y;
				ENABLE_PREVIEWS = YES;
				GENERATE_INFOPLIST_FILE = YES;
				INFOPLIST_KEY_UIApplicationSceneManifest_Generation = YES;
				INFOPLIST_KEY_UIApplicationSupportsIndirectInputEvents = YES;
				INFOPLIST_KEY_UILaunchScreen_Generation = YES;
				INFOPLIST_KEY_UISupportedInterfaceOrientations_iPad = "UIInterfaceOrientationPortrait UIInterfaceOrientationPortraitUpsideDown UIInterfaceOrientationLandscapeLeft UIInterfaceOrientationLandscapeRight";
				INFOPLIST_KEY_UISupportedInterfaceOrientations_iPhone = "UIInterfaceOrientationPortrait UIInterfaceOrientationLandscapeLeft UIInterfaceOrientationLandscapeRight";
				IPHONEOS_DEPLOYMENT_TARGET = 15.0;
				LD_RUNPATH_SEARCH_PATHS = (
					"$(inherited)",
					"@executable_path/Frameworks",
				);
				MARKETING_VERSION = 1.0;
				PRODUCT_BUNDLE_IDENTIFIER = com.mingxianwei.ToDoList;
				PRODUCT_NAME = "$(TARGET_NAME)";
				SWIFT_EMIT_LOC_STRINGS = YES;
				SWIFT_VERSION = 5.0;
				TARGETED_DEVICE_FAMILY = "1,2";
			};
			name = Debug;
		};
		855167E0290BAAD50020EBFA /* Release */ = {
			isa = XCBuildConfiguration;
			buildSettings = {
				ASSETCATALOG_COMPILER_APPICON_NAME = AppIcon;
				ASSETCATALOG_COMPILER_GLOBAL_ACCENT_COLOR_NAME = AccentColor;
				CODE_SIGN_STYLE = Automatic;
				CURRENT_PROJECT_VERSION = 1;
				DEVELOPMENT_ASSET_PATHS = "\"ToDoList/Preview Content\"";
				DEVELOPMENT_TEAM = 64KT797F3Y;
				ENABLE_PREVIEWS = YES;
				GENERATE_INFOPLIST_FILE = YES;
				INFOPLIST_KEY_UIApplicationSceneManifest_Generation = YES;
				INFOPLIST_KEY_UIApplicationSupportsIndirectInputEvents = YES;
				INFOPLIST_KEY_UILaunchScreen_Generation = YES;
				INFOPLIST_KEY_UISupportedInterfaceOrientations_iPad = "UIInterfaceOrientationPortrait UIInterfaceOrientationPortraitUpsideDown UIInterfaceOrientationLandscapeLeft UIInterfaceOrientationLandscapeRight";
				INFOPLIST_KEY_UISupportedInterfaceOrientations_iPhone = "UIInterfaceOrientationPortrait UIInterfaceOrientationLandscapeLeft UIInterfaceOrientationLandscapeRight";
				IPHONEOS_DEPLOYMENT_TARGET = 15.0;
				LD_RUNPATH_SEARCH_PATHS = (
					"$(inherited)",
					"@executable_path/Frameworks",
				);
				MARKETING_VERSION = 1.0;
				PRODUCT_BUNDLE_IDENTIFIER = com.mingxianwei.ToDoList;
				PRODUCT_NAME = "$(TARGET_NAME)";
				SWIFT_EMIT_LOC_STRINGS = YES;
				SWIFT_VERSION = 5.0;
				TARGETED_DEVICE_FAMILY = "1,2";
			};
			name = Release;
		};
		855167E2290BAAD50020EBFA /* Debug */ = {
			isa = XCBuildConfiguration;
			buildSettings = {
				ALWAYS_EMBED_SWIFT_STANDARD_LIBRARIES = YES;
				BUNDLE_LOADER = "$(TEST_HOST)";
				CODE_SIGN_STYLE = Automatic;
				CURRENT_PROJECT_VERSION = 1;
				DEVELOPMENT_TEAM = 64KT797F3Y;
				GENERATE_INFOPLIST_FILE = YES;
				IPHONEOS_DEPLOYMENT_TARGET = 16.0;
				MARKETING_VERSION = 1.0;
				PRODUCT_BUNDLE_IDENTIFIER = com.mingxianwei.ToDoListTests;
				PRODUCT_NAME = "$(TARGET_NAME)";
				SWIFT_EMIT_LOC_STRINGS = NO;
				SWIFT_VERSION = 5.0;
				TARGETED_DEVICE_FAMILY = "1,2";
				TEST_HOST = "$(BUILT_PRODUCTS_DIR)/ToDoList.app/$(BUNDLE_EXECUTABLE_FOLDER_PATH)/ToDoList";
			};
			name = Debug;
		};
		855167E3290BAAD50020EBFA /* Release */ = {
			isa = XCBuildConfiguration;
			buildSettings = {
				ALWAYS_EMBED_SWIFT_STANDARD_LIBRARIES = YES;
				BUNDLE_LOADER = "$(TEST_HOST)";
				CODE_SIGN_STYLE = Automatic;
				CURRENT_PROJECT_VERSION = 1;
				DEVELOPMENT_TEAM = 64KT797F3Y;
				GENERATE_INFOPLIST_FILE = YES;
				IPHONEOS_DEPLOYMENT_TARGET = 16.0;
				MARKETING_VERSION = 1.0;
				PRODUCT_BUNDLE_IDENTIFIER = com.mingxianwei.ToDoListTests;
				PRODUCT_NAME = "$(TARGET_NAME)";
				SWIFT_EMIT_LOC_STRINGS = NO;
				SWIFT_VERSION = 5.0;
				TARGETED_DEVICE_FAMILY = "1,2";
				TEST_HOST = "$(BUILT_PRODUCTS_DIR)/ToDoList.app/$(BUNDLE_EXECUTABLE_FOLDER_PATH)/ToDoList";
			};
			name = Release;
		};
		855167E5290BAAD50020EBFA /* Debug */ = {
			isa = XCBuildConfiguration;
			buildSettings = {
				ALWAYS_EMBED_SWIFT_STANDARD_LIBRARIES = YES;
				CODE_SIGN_STYLE = Automatic;
				CURRENT_PROJECT_VERSION = 1;
				DEVELOPMENT_TEAM = 64KT797F3Y;
				GENERATE_INFOPLIST_FILE = YES;
				MARKETING_VERSION = 1.0;
				PRODUCT_BUNDLE_IDENTIFIER = com.mingxianwei.ToDoListUITests;
				PRODUCT_NAME = "$(TARGET_NAME)";
				SWIFT_EMIT_LOC_STRINGS = NO;
				SWIFT_VERSION = 5.0;
				TARGETED_DEVICE_FAMILY = "1,2";
				TEST_TARGET_NAME = ToDoList;
			};
			name = Debug;
		};
		855167E6290BAAD50020EBFA /* Release */ = {
			isa = XCBuildConfiguration;
			buildSettings = {
				ALWAYS_EMBED_SWIFT_STANDARD_LIBRARIES = YES;
				CODE_SIGN_STYLE = Automatic;
				CURRENT_PROJECT_VERSION = 1;
				DEVELOPMENT_TEAM = 64KT797F3Y;
				GENERATE_INFOPLIST_FILE = YES;
				MARKETING_VERSION = 1.0;
				PRODUCT_BUNDLE_IDENTIFIER = com.mingxianwei.ToDoListUITests;
				PRODUCT_NAME = "$(TARGET_NAME)";
				SWIFT_EMIT_LOC_STRINGS = NO;
				SWIFT_VERSION = 5.0;
				TARGETED_DEVICE_FAMILY = "1,2";
				TEST_TARGET_NAME = ToDoList;
			};
			name = Release;
		};
/* End XCBuildConfiguration section */

/* Begin XCConfigurationList section */
		855167B5290BAAD30020EBFA /* Build configuration list for PBXProject "ToDoList" */ = {
			isa = XCConfigurationList;
			buildConfigurations = (
				855167DC290BAAD50020EBFA /* Debug */,
				855167DD290BAAD50020EBFA /* Release */,
			);
			defaultConfigurationIsVisible = 0;
			defaultConfigurationName = Release;
		};
		855167DE290BAAD50020EBFA /* Build configuration list for PBXNativeTarget "ToDoList" */ = {
			isa = XCConfigurationList;
			buildConfigurations = (
				855167DF290BAAD50020EBFA /* Debug */,
				855167E0290BAAD50020EBFA /* Release */,
			);
			defaultConfigurationIsVisible = 0;
			defaultConfigurationName = Release;
		};
		855167E1290BAAD50020EBFA /* Build configuration list for PBXNativeTarget "ToDoListTests" */ = {
			isa = XCConfigurationList;
			buildConfigurations = (
				855167E2290BAAD50020EBFA /* Debug */,
				855167E3290BAAD50020EBFA /* Release */,
			);
			defaultConfigurationIsVisible = 0;
			defaultConfigurationName = Release;
		};
		855167E4290BAAD50020EBFA /* Build configuration list for PBXNativeTarget "ToDoListUITests" */ = {
			isa = XCConfigurationList;
			buildConfigurations = (
				855167E5290BAAD50020EBFA /* Debug */,
				855167E6290BAAD50020EBFA /* Release */,
			);
			defaultConfigurationIsVisible = 0;
			defaultConfigurationName = Release;
		};
/* End XCConfigurationList section */
	};
	rootObject = 855167B2290BAAD30020EBFA /* Project object */;
}
